
Microsoft Visual Studio Solution File, Format Version 12.00
# Visual Studio Version 16
VisualStudioVersion = 16.0.30413.136
MinimumVisualStudioVersion = 10.0.40219.1
Project("{FAE04EC0-301F-11D3-BF4B-00C04F79EFBC}") = "WinForms", "WinForms\WinForms.csproj", "{EFBC7FC1-63B4-4CC4-90BD-89C0A5668704}"
EndProject
Project("{FAE04EC0-301F-11D3-BF4B-00C04F79EFBC}") = "Dominio", "Dominio\Dominio.csproj", "{958135EE-A06C-41E8-8340-22AD8CA3AB79}"
EndProject
Project("{FAE04EC0-301F-11D3-BF4B-00C04F79EFBC}") = "Negocio", "Negocio\Negocio.csproj", "{83CCA54E-03D2-4B3B-9EF5-A3B2A4A241A5}"
EndProject
Global
	GlobalSection(SolutionConfigurationPlatforms) = preSolution
		Debug|Any CPU = Debug|Any CPU
		Release|Any CPU = Release|Any CPU
	EndGlobalSection
	GlobalSection(ProjectConfigurationPlatforms) = postSolution
		{EFBC7FC1-63B4-4CC4-90BD-89C0A5668704}.Debug|Any CPU.ActiveCfg = Debug|Any CPU
		{EFBC7FC1-63B4-4CC4-90BD-89C0A5668704}.Debug|Any CPU.Build.0 = Debug|Any CPU
		{EFBC7FC1-63B4-4CC4-90BD-89C0A5668704}.Release|Any CPU.ActiveCfg = Release|Any CPU
		{EFBC7FC1-63B4-4CC4-90BD-89C0A5668704}.Release|Any CPU.Build.0 = Release|Any CPU
		{958135EE-A06C-41E8-8340-22AD8CA3AB79}.Debug|Any CPU.ActiveCfg = Debug|Any CPU
		{958135EE-A06C-41E8-8340-22AD8CA3AB79}.Debug|Any CPU.Build.0 = Debug|Any CPU
		{958135EE-A06C-41E8-8340-22AD8CA3AB79}.Release|Any CPU.ActiveCfg = Release|Any CPU
		{958135EE-A06C-41E8-8340-22AD8CA3AB79}.Release|Any CPU.Build.0 = Release|Any CPU
		{83CCA54E-03D2-4B3B-9EF5-A3B2A4A241A5}.Debug|Any CPU.ActiveCfg = Debug|Any CPU
		{83CCA54E-03D2-4B3B-9EF5-A3B2A4A241A5}.Debug|Any CPU.Build.0 = Debug|Any CPU
		{83CCA54E-03D2-4B3B-9EF5-A3B2A4A241A5}.Release|Any CPU.ActiveCfg = Release|Any CPU
		{83CCA54E-03D2-4B3B-9EF5-A3B2A4A241A5}.Release|Any CPU.Build.0 = Release|Any CPU
	EndGlobalSection
	GlobalSection(SolutionProperties) = preSolution
		HideSolutionNode = FALSE
	EndGlobalSection
	GlobalSection(ExtensibilityGlobals) = postSolution
		SolutionGuid = {CB807CB0-3855-438F-B91D-F7F39ADFB9E7}
	EndGlobalSection
EndGlobal
